
Microsoft Visual Studio Solution File, Format Version 12.00
# Visual Studio Version 16
VisualStudioVersion = 16.0.30621.155
MinimumVisualStudioVersion = 10.0.40219.1
Project("{FAE04EC0-301F-11D3-BF4B-00C04F79EFBC}") = "projekt_ivana", "projekt_ivana\projekt_ivana.csproj", "{18FB5939-B4CC-4844-9C1A-16485948D47E}"
EndProject
Global
	GlobalSection(SolutionConfigurationPlatforms) = preSolution
		Debug|Any CPU = Debug|Any CPU
		Release|Any CPU = Release|Any CPU
	EndGlobalSection
	GlobalSection(ProjectConfigurationPlatforms) = postSolution
		{18FB5939-B4CC-4844-9C1A-16485948D47E}.Debug|Any CPU.ActiveCfg = Debug|Any CPU
		{18FB5939-B4CC-4844-9C1A-16485948D47E}.Debug|Any CPU.Build.0 = Debug|Any CPU
		{18FB5939-B4CC-4844-9C1A-16485948D47E}.Release|Any CPU.ActiveCfg = Release|Any CPU
		{18FB5939-B4CC-4844-9C1A-16485948D47E}.Release|Any CPU.Build.0 = Release|Any CPU
	EndGlobalSection
	GlobalSection(SolutionProperties) = preSolution
		HideSolutionNode = FALSE
	EndGlobalSection
	GlobalSection(ExtensibilityGlobals) = postSolution
		SolutionGuid = {BFE91A25-A4FB-4E30-93EB-704EFBB4F426}
	EndGlobalSection
EndGlobal
